
Microsoft Visual Studio Solution File, Format Version 11.00
# Visual Studio 2010
Project("{FAE04EC0-301F-11D3-BF4B-00C04F79EFBC}") = "RetakeAGP", "Assembly-CSharp.csproj", "{FA49A4CC-4352-5375-B543-41B943D0A027}"
EndProject
Global
	GlobalSection(SolutionConfigurationPlatforms) = preSolution
		Debug|Any CPU = Debug|Any CPU
		Release|Any CPU = Release|Any CPU
	EndGlobalSection
	GlobalSection(ProjectConfigurationPlatforms) = postSolution
		{FA49A4CC-4352-5375-B543-41B943D0A027}.Debug|Any CPU.ActiveCfg = Debug|Any CPU
		{FA49A4CC-4352-5375-B543-41B943D0A027}.Debug|Any CPU.Build.0 = Debug|Any CPU
		{FA49A4CC-4352-5375-B543-41B943D0A027}.Release|Any CPU.ActiveCfg = Release|Any CPU
		{FA49A4CC-4352-5375-B543-41B943D0A027}.Release|Any CPU.Build.0 = Release|Any CPU
	EndGlobalSection
	GlobalSection(SolutionProperties) = preSolution
		HideSolutionNode = FALSE
	EndGlobalSection
	GlobalSection(MonoDevelopProperties) = preSolution
		StartupItem = Assembly-CSharp.csproj
	EndGlobalSection
EndGlobal
